# This file is automatically @generated by Poetry 2.1.4 and should not be changed by hand.

[[package]]
name = "poetry-core"
version = "2.2.1"
description = "Poetry PEP 517 Build Backend"
optional = false
python-versions = "<4.0,>=3.9"
groups = ["main"]
files = [
    {file = "poetry_core-2.2.1-py3-none-any.whl", hash = "sha256:bdfce710edc10bfcf9ab35041605c480829be4ab23f5bc01202cfe5db8f125ab"},
    {file = "poetry_core-2.2.1.tar.gz", hash = "sha256:97e50d8593c8729d3f49364b428583e044087ee3def1e010c6496db76bd65ac5"},
]

[metadata]
lock-version = "2.1"
python-versions = "^3.12"
content-hash = "46124b5d6b63999179558427a68619c9f5b7196654d14179805c951a03105199"
